
Microsoft Visual Studio Solution File, Format Version 12.00
# Visual Studio Version 17
VisualStudioVersion = 17.10.35027.167
MinimumVisualStudioVersion = 10.0.40219.1
Project("{FAE04EC0-301F-11D3-BF4B-00C04F79EFBC}") = "GrpcServer", "GrpcServer\GrpcServer.csproj", "{1EF99E9C-7B9C-4C32-8F8F-9F81451E8764}"
EndProject
Project("{FAE04EC0-301F-11D3-BF4B-00C04F79EFBC}") = "GrpcClient", "GrpcClient\GrpcClient.csproj", "{F4CC5A24-D2DD-41DE-A317-F8CF2E67C80F}"
EndProject
Global
	GlobalSection(SolutionConfigurationPlatforms) = preSolution
		Debug|Any CPU = Debug|Any CPU
		Release|Any CPU = Release|Any CPU
	EndGlobalSection
	GlobalSection(ProjectConfigurationPlatforms) = postSolution
		{1EF99E9C-7B9C-4C32-8F8F-9F81451E8764}.Debug|Any CPU.ActiveCfg = Debug|Any CPU
		{1EF99E9C-7B9C-4C32-8F8F-9F81451E8764}.Debug|Any CPU.Build.0 = Debug|Any CPU
		{1EF99E9C-7B9C-4C32-8F8F-9F81451E8764}.Release|Any CPU.ActiveCfg = Release|Any CPU
		{1EF99E9C-7B9C-4C32-8F8F-9F81451E8764}.Release|Any CPU.Build.0 = Release|Any CPU
		{F4CC5A24-D2DD-41DE-A317-F8CF2E67C80F}.Debug|Any CPU.ActiveCfg = Debug|Any CPU
		{F4CC5A24-D2DD-41DE-A317-F8CF2E67C80F}.Debug|Any CPU.Build.0 = Debug|Any CPU
		{F4CC5A24-D2DD-41DE-A317-F8CF2E67C80F}.Release|Any CPU.ActiveCfg = Release|Any CPU
		{F4CC5A24-D2DD-41DE-A317-F8CF2E67C80F}.Release|Any CPU.Build.0 = Release|Any CPU
	EndGlobalSection
	GlobalSection(SolutionProperties) = preSolution
		HideSolutionNode = FALSE
	EndGlobalSection
	GlobalSection(ExtensibilityGlobals) = postSolution
		SolutionGuid = {8E1EC97E-8B40-4685-9B59-4CF8D0DD2C49}
	EndGlobalSection
EndGlobal
